// !$*UTF8*$!
{
	archiveVersion = 1;
	classes = {
	};
	objectVersion = 55;
	objects = {

/* Begin PBXBuildFile section */
		A57B99022682AB04001B651A /* RootView.swift in Sources */ = {isa = PBXBuildFile; fileRef = A57B99012682AB04001B651A /* RootView.swift */; };
		A57B99042682AB04001B651A /* ContentView.swift in Sources */ = {isa = PBXBuildFile; fileRef = A57B99032682AB04001B651A /* ContentView.swift */; };
		A57B99062682AB05001B651A /* Assets.xcassets in Resources */ = {isa = PBXBuildFile; fileRef = A57B99052682AB05001B651A /* Assets.xcassets */; };
		A57B99092682AB05001B651A /* Preview Assets.xcassets in Resources */ = {isa = PBXBuildFile; fileRef = A57B99082682AB05001B651A /* Preview Assets.xcassets */; };
		A57B99162682AC43001B651A /* HomeView.swift in Sources */ = {isa = PBXBuildFile; fileRef = A57B99152682AC43001B651A /* HomeView.swift */; };
		A57B99182682AC62001B651A /* SettingView.swift in Sources */ = {isa = PBXBuildFile; fileRef = A57B99172682AC62001B651A /* SettingView.swift */; };
		A57B99222682D1F4001B651A /* Store.swift in Sources */ = {isa = PBXBuildFile; fileRef = A57B99212682D1F4001B651A /* Store.swift */; };
		A57B99262682DAA4001B651A /* GetBuildNumberInteractor.swift in Sources */ = {isa = PBXBuildFile; fileRef = A57B99252682DAA4001B651A /* GetBuildNumberInteractor.swift */; };
/* End PBXBuildFile section */

/* Begin PBXFileReference section */
		A57B98FE2682AB04001B651A /* app-template.app */ = {isa = PBXFileReference; explicitFileType = wrapper.application; includeInIndex = 0; path = "app-template.app"; sourceTree = BUILT_PRODUCTS_DIR; };
		A57B99012682AB04001B651A /* RootView.swift */ = {isa = PBXFileReference; lastKnownFileType = sourcecode.swift; path = RootView.swift; sourceTree = "<group>"; };
		A57B99032682AB04001B651A /* ContentView.swift */ = {isa = PBXFileReference; lastKnownFileType = sourcecode.swift; path = ContentView.swift; sourceTree = "<group>"; };
		A57B99052682AB05001B651A /* Assets.xcassets */ = {isa = PBXFileReference; lastKnownFileType = folder.assetcatalog; path = Assets.xcassets; sourceTree = "<group>"; };
		A57B99082682AB05001B651A /* Preview Assets.xcassets */ = {isa = PBXFileReference; lastKnownFileType = folder.assetcatalog; path = "Preview Assets.xcassets"; sourceTree = "<group>"; };
		A57B99152682AC43001B651A /* HomeView.swift */ = {isa = PBXFileReference; lastKnownFileType = sourcecode.swift; path = HomeView.swift; sourceTree = "<group>"; };
		A57B99172682AC62001B651A /* SettingView.swift */ = {isa = PBXFileReference; lastKnownFileType = sourcecode.swift; path = SettingView.swift; sourceTree = "<group>"; };
		A57B99212682D1F4001B651A /* Store.swift */ = {isa = PBXFileReference; lastKnownFileType = sourcecode.swift; path = Store.swift; sourceTree = "<group>"; };
		A57B99252682DAA4001B651A /* GetBuildNumberInteractor.swift */ = {isa = PBXFileReference; lastKnownFileType = sourcecode.swift; path = GetBuildNumberInteractor.swift; sourceTree = "<group>"; };
/* End PBXFileReference section */

/* Begin PBXFrameworksBuildPhase section */
		A57B98FB2682AB04001B651A /* Frameworks */ = {
			isa = PBXFrameworksBuildPhase;
			buildActionMask = 2147483647;
			files = (
			);
			runOnlyForDeploymentPostprocessing = 0;
		};
/* End PBXFrameworksBuildPhase section */

/* Begin PBXGroup section */
		A57B98F52682AB04001B651A = {
			isa = PBXGroup;
			children = (
				A57B99002682AB04001B651A /* app-template */,
				A57B98FF2682AB04001B651A /* Products */,
			);
			sourceTree = "<group>";
		};
		A57B98FF2682AB04001B651A /* Products */ = {
			isa = PBXGroup;
			children = (
				A57B98FE2682AB04001B651A /* app-template.app */,
			);
			name = Products;
			sourceTree = "<group>";
		};
		A57B99002682AB04001B651A /* app-template */ = {
			isa = PBXGroup;
			children = (
				A57B99232682DA1A001B651A /* Application */,
				A57B990F2682AB3B001B651A /* Presentation */,
				A57B99052682AB05001B651A /* Assets.xcassets */,
				A57B99072682AB05001B651A /* Preview Content */,
			);
			path = "app-template";
			sourceTree = "<group>";
		};
		A57B99072682AB05001B651A /* Preview Content */ = {
			isa = PBXGroup;
			children = (
				A57B99082682AB05001B651A /* Preview Assets.xcassets */,
			);
			path = "Preview Content";
			sourceTree = "<group>";
		};
		A57B990F2682AB3B001B651A /* Presentation */ = {
			isa = PBXGroup;
			children = (
				A57B99012682AB04001B651A /* RootView.swift */,
				A57B99212682D1F4001B651A /* Store.swift */,
				A57B99202682AF75001B651A /* Content */,
			);
			path = Presentation;
			sourceTree = "<group>";
		};
		A57B99102682ABE7001B651A /* Home */ = {
			isa = PBXGroup;
			children = (
				A57B99152682AC43001B651A /* HomeView.swift */,
			);
			path = Home;
			sourceTree = "<group>";
		};
		A57B99112682AC07001B651A /* Setting */ = {
			isa = PBXGroup;
			children = (
				A57B99172682AC62001B651A /* SettingView.swift */,
			);
			path = Setting;
			sourceTree = "<group>";
		};
		A57B99202682AF75001B651A /* Content */ = {
			isa = PBXGroup;
			children = (
				A57B99032682AB04001B651A /* ContentView.swift */,
				A57B99102682ABE7001B651A /* Home */,
				A57B99112682AC07001B651A /* Setting */,
			);
			path = Content;
			sourceTree = "<group>";
		};
		A57B99232682DA1A001B651A /* Application */ = {
			isa = PBXGroup;
			children = (
				A57B99242682DA91001B651A /* Interactor */,
			);
			path = Application;
			sourceTree = "<group>";
		};
		A57B99242682DA91001B651A /* Interactor */ = {
			isa = PBXGroup;
			children = (
				A57B99252682DAA4001B651A /* GetBuildNumberInteractor.swift */,
			);
			path = Interactor;
			sourceTree = "<group>";
		};
/* End PBXGroup section */

/* Begin PBXNativeTarget section */
		A57B98FD2682AB04001B651A /* app-template */ = {
			isa = PBXNativeTarget;
			buildConfigurationList = A57B990C2682AB05001B651A /* Build configuration list for PBXNativeTarget "app-template" */;
			buildPhases = (
				A57B98FA2682AB04001B651A /* Sources */,
				A57B98FB2682AB04001B651A /* Frameworks */,
				A57B98FC2682AB04001B651A /* Resources */,
			);
			buildRules = (
			);
			dependencies = (
			);
			name = "app-template";
			productName = "app-template";
			productReference = A57B98FE2682AB04001B651A /* app-template.app */;
			productType = "com.apple.product-type.application";
		};
/* End PBXNativeTarget section */

/* Begin PBXProject section */
		A57B98F62682AB04001B651A /* Project object */ = {
			isa = PBXProject;
			attributes = {
				BuildIndependentTargetsInParallel = 1;
				LastSwiftUpdateCheck = 1300;
				LastUpgradeCheck = 1300;
				TargetAttributes = {
					A57B98FD2682AB04001B651A = {
						CreatedOnToolsVersion = 13.0;
					};
				};
			};
			buildConfigurationList = A57B98F92682AB04001B651A /* Build configuration list for PBXProject "app-template" */;
			compatibilityVersion = "Xcode 13.0";
			developmentRegion = en;
			hasScannedForEncodings = 0;
			knownRegions = (
				en,
				Base,
			);
			mainGroup = A57B98F52682AB04001B651A;
			productRefGroup = A57B98FF2682AB04001B651A /* Products */;
			projectDirPath = "";
			projectRoot = "";
			targets = (
				A57B98FD2682AB04001B651A /* app-template */,
			);
		};
/* End PBXProject section */

/* Begin PBXResourcesBuildPhase section */
		A57B98FC2682AB04001B651A /* Resources */ = {
			isa = PBXResourcesBuildPhase;
			buildActionMask = 2147483647;
			files = (
				A57B99092682AB05001B651A /* Preview Assets.xcassets in Resources */,
				A57B99062682AB05001B651A /* Assets.xcassets in Resources */,
			);
			runOnlyForDeploymentPostprocessing = 0;
		};
/* End PBXResourcesBuildPhase section */

/* Begin PBXSourcesBuildPhase section */
		A57B98FA2682AB04001B651A /* Sources */ = {
			isa = PBXSourcesBuildPhase;
			buildActionMask = 2147483647;
			files = (
				A57B99162682AC43001B651A /* HomeView.swift in Sources */,
				A57B99042682AB04001B651A /* ContentView.swift in Sources */,
				A57B99222682D1F4001B651A /* Store.swift in Sources */,
				A57B99182682AC62001B651A /* SettingView.swift in Sources */,
				A57B99022682AB04001B651A /* RootView.swift in Sources */,
				A57B99262682DAA4001B651A /* GetBuildNumberInteractor.swift in Sources */,
			);
			runOnlyForDeploymentPostprocessing = 0;
		};
/* End PBXSourcesBuildPhase section */

/* Begin XCBuildConfiguration section */
		A57B990A2682AB05001B651A /* Debug */ = {
			isa = XCBuildConfiguration;
			buildSettings = {
				ALWAYS_SEARCH_USER_PATHS = NO;
				CLANG_ANALYZER_NONNULL = YES;
				CLANG_ANALYZER_NUMBER_OBJECT_CONVERSION = YES_AGGRESSIVE;
				CLANG_CXX_LANGUAGE_STANDARD = "gnu++14";
				CLANG_CXX_LIBRARY = "libc++";
				CLANG_ENABLE_MODULES = YES;
				CLANG_ENABLE_OBJC_ARC = YES;
				CLANG_ENABLE_OBJC_WEAK = YES;
				CLANG_WARN_BLOCK_CAPTURE_AUTORELEASING = YES;
				CLANG_WARN_BOOL_CONVERSION = YES;
				CLANG_WARN_COMMA = YES;
				CLANG_WARN_CONSTANT_CONVERSION = YES;
				CLANG_WARN_DEPRECATED_OBJC_IMPLEMENTATIONS = YES;
				CLANG_WARN_DIRECT_OBJC_ISA_USAGE = YES_ERROR;
				CLANG_WARN_DOCUMENTATION_COMMENTS = YES;
				CLANG_WARN_EMPTY_BODY = YES;
				CLANG_WARN_ENUM_CONVERSION = YES;
				CLANG_WARN_INFINITE_RECURSION = YES;
				CLANG_WARN_INT_CONVERSION = YES;
				CLANG_WARN_NON_LITERAL_NULL_CONVERSION = YES;
				CLANG_WARN_OBJC_IMPLICIT_RETAIN_SELF = YES;
				CLANG_WARN_OBJC_LITERAL_CONVERSION = YES;
				CLANG_WARN_OBJC_ROOT_CLASS = YES_ERROR;
				CLANG_WARN_QUOTED_INCLUDE_IN_FRAMEWORK_HEADER = YES;
				CLANG_WARN_RANGE_LOOP_ANALYSIS = YES;
				CLANG_WARN_STRICT_PROTOTYPES = YES;
				CLANG_WARN_SUSPICIOUS_MOVE = YES;
				CLANG_WARN_UNGUARDED_AVAILABILITY = YES_AGGRESSIVE;
				CLANG_WARN_UNREACHABLE_CODE = YES;
				CLANG_WARN__DUPLICATE_METHOD_MATCH = YES;
				COPY_PHASE_STRIP = NO;
				DEBUG_INFORMATION_FORMAT = dwarf;
				ENABLE_STRICT_OBJC_MSGSEND = YES;
				ENABLE_TESTABILITY = YES;
				GCC_C_LANGUAGE_STANDARD = gnu11;
				GCC_DYNAMIC_NO_PIC = NO;
				GCC_NO_COMMON_BLOCKS = YES;
				GCC_OPTIMIZATION_LEVEL = 0;
				GCC_PREPROCESSOR_DEFINITIONS = (
					"DEBUG=1",
					"$(inherited)",
				);
				GCC_WARN_64_TO_32_BIT_CONVERSION = YES;
				GCC_WARN_ABOUT_RETURN_TYPE = YES_ERROR;
				GCC_WARN_UNDECLARED_SELECTOR = YES;
				GCC_WARN_UNINITIALIZED_AUTOS = YES_AGGRESSIVE;
				GCC_WARN_UNUSED_FUNCTION = YES;
				GCC_WARN_UNUSED_VARIABLE = YES;
				IPHONEOS_DEPLOYMENT_TARGET = 15.0;
				MTL_ENABLE_DEBUG_INFO = INCLUDE_SOURCE;
				MTL_FAST_MATH = YES;
				ONLY_ACTIVE_ARCH = YES;
				SDKROOT = iphoneos;
				SWIFT_ACTIVE_COMPILATION_CONDITIONS = DEBUG;
				SWIFT_OPTIMIZATION_LEVEL = "-Onone";
			};
			name = Debug;
		};
		A57B990B2682AB05001B651A /* Release */ = {
			isa = XCBuildConfiguration;
			buildSettings = {
				ALWAYS_SEARCH_USER_PATHS = NO;
				CLANG_ANALYZER_NONNULL = YES;
				CLANG_ANALYZER_NUMBER_OBJECT_CONVERSION = YES_AGGRESSIVE;
				CLANG_CXX_LANGUAGE_STANDARD = "gnu++14";
				CLANG_CXX_LIBRARY = "libc++";
				CLANG_ENABLE_MODULES = YES;
				CLANG_ENABLE_OBJC_ARC = YES;
				CLANG_ENABLE_OBJC_WEAK = YES;
				CLANG_WARN_BLOCK_CAPTURE_AUTORELEASING = YES;
				CLANG_WARN_BOOL_CONVERSION = YES;
				CLANG_WARN_COMMA = YES;
				CLANG_WARN_CONSTANT_CONVERSION = YES;
				CLANG_WARN_DEPRECATED_OBJC_IMPLEMENTATIONS = YES;
				CLANG_WARN_DIRECT_OBJC_ISA_USAGE = YES_ERROR;
				CLANG_WARN_DOCUMENTATION_COMMENTS = YES;
				CLANG_WARN_EMPTY_BODY = YES;
				CLANG_WARN_ENUM_CONVERSION = YES;
				CLANG_WARN_INFINITE_RECURSION = YES;
				CLANG_WARN_INT_CONVERSION = YES;
				CLANG_WARN_NON_LITERAL_NULL_CONVERSION = YES;
				CLANG_WARN_OBJC_IMPLICIT_RETAIN_SELF = YES;
				CLANG_WARN_OBJC_LITERAL_CONVERSION = YES;
				CLANG_WARN_OBJC_ROOT_CLASS = YES_ERROR;
				CLANG_WARN_QUOTED_INCLUDE_IN_FRAMEWORK_HEADER = YES;
				CLANG_WARN_RANGE_LOOP_ANALYSIS = YES;
				CLANG_WARN_STRICT_PROTOTYPES = YES;
				CLANG_WARN_SUSPICIOUS_MOVE = YES;
				CLANG_WARN_UNGUARDED_AVAILABILITY = YES_AGGRESSIVE;
				CLANG_WARN_UNREACHABLE_CODE = YES;
				CLANG_WARN__DUPLICATE_METHOD_MATCH = YES;
				COPY_PHASE_STRIP = NO;
				DEBUG_INFORMATION_FORMAT = "dwarf-with-dsym";
				ENABLE_NS_ASSERTIONS = NO;
				ENABLE_STRICT_OBJC_MSGSEND = YES;
				GCC_C_LANGUAGE_STANDARD = gnu11;
				GCC_NO_COMMON_BLOCKS = YES;
				GCC_WARN_64_TO_32_BIT_CONVERSION = YES;
				GCC_WARN_ABOUT_RETURN_TYPE = YES_ERROR;
				GCC_WARN_UNDECLARED_SELECTOR = YES;
				GCC_WARN_UNINITIALIZED_AUTOS = YES_AGGRESSIVE;
				GCC_WARN_UNUSED_FUNCTION = YES;
				GCC_WARN_UNUSED_VARIABLE = YES;
				IPHONEOS_DEPLOYMENT_TARGET = 15.0;
				MTL_ENABLE_DEBUG_INFO = NO;
				MTL_FAST_MATH = YES;
				SDKROOT = iphoneos;
				SWIFT_COMPILATION_MODE = wholemodule;
				SWIFT_OPTIMIZATION_LEVEL = "-O";
				VALIDATE_PRODUCT = YES;
			};
			name = Release;
		};
		A57B990D2682AB05001B651A /* Debug */ = {
			isa = XCBuildConfiguration;
			buildSettings = {
				ASSETCATALOG_COMPILER_APPICON_NAME = AppIcon;
				ASSETCATALOG_COMPILER_GLOBAL_ACCENT_COLOR_NAME = AccentColor;
				CODE_SIGN_STYLE = Automatic;
				CURRENT_PROJECT_VERSION = 1;
				DEVELOPMENT_ASSET_PATHS = "\"app-template/Preview Content\"";
				DEVELOPMENT_TEAM = KJ75V2VWHW;
				ENABLE_PREVIEWS = YES;
				GENERATE_INFOPLIST_FILE = YES;
				INFOPLIST_KEY_UIApplicationSceneManifest_Generation = YES;
				INFOPLIST_KEY_UIApplicationSupportsIndirectInputEvents = YES;
				INFOPLIST_KEY_UILaunchScreen_Generation = YES;
				INFOPLIST_KEY_UISupportedInterfaceOrientations_iPad = "UIInterfaceOrientationPortrait UIInterfaceOrientationPortraitUpsideDown UIInterfaceOrientationLandscapeLeft UIInterfaceOrientationLandscapeRight";
				INFOPLIST_KEY_UISupportedInterfaceOrientations_iPhone = "UIInterfaceOrientationPortrait UIInterfaceOrientationLandscapeLeft UIInterfaceOrientationLandscapeRight";
				IPHONEOS_DEPLOYMENT_TARGET = 15.0;
				LD_RUNPATH_SEARCH_PATHS = (
					"$(inherited)",
					"@executable_path/Frameworks",
				);
				MARKETING_VERSION = 1.0;
				PRODUCT_BUNDLE_IDENTIFIER = "jp.co.s2factory.app-template";
				PRODUCT_NAME = "$(TARGET_NAME)";
				SWIFT_EMIT_LOC_STRINGS = YES;
				SWIFT_VERSION = 5.0;
				TARGETED_DEVICE_FAMILY = "1,2";
			};
			name = Debug;
		};
		A57B990E2682AB05001B651A /* Release */ = {
			isa = XCBuildConfiguration;
			buildSettings = {
				ASSETCATALOG_COMPILER_APPICON_NAME = AppIcon;
				ASSETCATALOG_COMPILER_GLOBAL_ACCENT_COLOR_NAME = AccentColor;
				CODE_SIGN_STYLE = Automatic;
				CURRENT_PROJECT_VERSION = 1;
				DEVELOPMENT_ASSET_PATHS = "\"app-template/Preview Content\"";
				DEVELOPMENT_TEAM = KJ75V2VWHW;
				ENABLE_PREVIEWS = YES;
				GENERATE_INFOPLIST_FILE = YES;
				INFOPLIST_KEY_UIApplicationSceneManifest_Generation = YES;
				INFOPLIST_KEY_UIApplicationSupportsIndirectInputEvents = YES;
				INFOPLIST_KEY_UILaunchScreen_Generation = YES;
				INFOPLIST_KEY_UISupportedInterfaceOrientations_iPad = "UIInterfaceOrientationPortrait UIInterfaceOrientationPortraitUpsideDown UIInterfaceOrientationLandscapeLeft UIInterfaceOrientationLandscapeRight";
				INFOPLIST_KEY_UISupportedInterfaceOrientations_iPhone = "UIInterfaceOrientationPortrait UIInterfaceOrientationLandscapeLeft UIInterfaceOrientationLandscapeRight";
				IPHONEOS_DEPLOYMENT_TARGET = 15.0;
				LD_RUNPATH_SEARCH_PATHS = (
					"$(inherited)",
					"@executable_path/Frameworks",
				);
				MARKETING_VERSION = 1.0;
				PRODUCT_BUNDLE_IDENTIFIER = "jp.co.s2factory.app-template";
				PRODUCT_NAME = "$(TARGET_NAME)";
				SWIFT_EMIT_LOC_STRINGS = YES;
				SWIFT_VERSION = 5.0;
				TARGETED_DEVICE_FAMILY = "1,2";
			};
			name = Release;
		};
/* End XCBuildConfiguration section */

/* Begin XCConfigurationList section */
		A57B98F92682AB04001B651A /* Build configuration list for PBXProject "app-template" */ = {
			isa = XCConfigurationList;
			buildConfigurations = (
				A57B990A2682AB05001B651A /* Debug */,
				A57B990B2682AB05001B651A /* Release */,
			);
			defaultConfigurationIsVisible = 0;
			defaultConfigurationName = Release;
		};
		A57B990C2682AB05001B651A /* Build configuration list for PBXNativeTarget "app-template" */ = {
			isa = XCConfigurationList;
			buildConfigurations = (
				A57B990D2682AB05001B651A /* Debug */,
				A57B990E2682AB05001B651A /* Release */,
			);
			defaultConfigurationIsVisible = 0;
			defaultConfigurationName = Release;
		};
/* End XCConfigurationList section */
	};
	rootObject = A57B98F62682AB04001B651A /* Project object */;
}
